
Microsoft Visual Studio Solution File, Format Version 12.00
# Visual Studio Version 17
VisualStudioVersion = 17.11.35222.181
MinimumVisualStudioVersion = 10.0.40219.1
Project("{FAE04EC0-301F-11D3-BF4B-00C04F79EFBC}") = "MVCProje", "MVCProje\MVCProje.csproj", "{D874A556-A00C-40F0-B1EC-6536FFCFB4B3}"
EndProject
Global
	GlobalSection(SolutionConfigurationPlatforms) = preSolution
		Debug|Any CPU = Debug|Any CPU
		Release|Any CPU = Release|Any CPU
	EndGlobalSection
	GlobalSection(ProjectConfigurationPlatforms) = postSolution
		{D874A556-A00C-40F0-B1EC-6536FFCFB4B3}.Debug|Any CPU.ActiveCfg = Debug|Any CPU
		{D874A556-A00C-40F0-B1EC-6536FFCFB4B3}.Debug|Any CPU.Build.0 = Debug|Any CPU
		{D874A556-A00C-40F0-B1EC-6536FFCFB4B3}.Release|Any CPU.ActiveCfg = Release|Any CPU
		{D874A556-A00C-40F0-B1EC-6536FFCFB4B3}.Release|Any CPU.Build.0 = Release|Any CPU
	EndGlobalSection
	GlobalSection(SolutionProperties) = preSolution
		HideSolutionNode = FALSE
	EndGlobalSection
	GlobalSection(ExtensibilityGlobals) = postSolution
		SolutionGuid = {971F1E76-6656-48D4-AE47-73F3619D0535}
	EndGlobalSection
EndGlobal
